
Microsoft Visual Studio Solution File, Format Version 12.00
# Visual Studio Version 16
VisualStudioVersion = 16.0.29411.108
MinimumVisualStudioVersion = 10.0.40219.1
Project("{FAE04EC0-301F-11D3-BF4B-00C04F79EFBC}") = "Factorial", "Factorial\Factorial.csproj", "{F62E4DE3-1F2A-4E90-94D2-E1689D3DC327}"
EndProject
Global
	GlobalSection(SolutionConfigurationPlatforms) = preSolution
		Debug|Any CPU = Debug|Any CPU
		Release|Any CPU = Release|Any CPU
	EndGlobalSection
	GlobalSection(ProjectConfigurationPlatforms) = postSolution
		{F62E4DE3-1F2A-4E90-94D2-E1689D3DC327}.Debug|Any CPU.ActiveCfg = Debug|Any CPU
		{F62E4DE3-1F2A-4E90-94D2-E1689D3DC327}.Debug|Any CPU.Build.0 = Debug|Any CPU
		{F62E4DE3-1F2A-4E90-94D2-E1689D3DC327}.Release|Any CPU.ActiveCfg = Release|Any CPU
		{F62E4DE3-1F2A-4E90-94D2-E1689D3DC327}.Release|Any CPU.Build.0 = Release|Any CPU
	EndGlobalSection
	GlobalSection(SolutionProperties) = preSolution
		HideSolutionNode = FALSE
	EndGlobalSection
	GlobalSection(ExtensibilityGlobals) = postSolution
		SolutionGuid = {733F04B5-A0C0-48BB-84C0-CE8CC1B995D9}
	EndGlobalSection
EndGlobal
